// !$*UTF8*$!
{
	archiveVersion = 1;
	classes = {
	};
	objectVersion = 50;
	objects = {

/* Begin PBXBuildFile section */
		7D2315D623A1399700701512 /* AppDelegate.swift in Sources */ = {isa = PBXBuildFile; fileRef = 7D2315D523A1399700701512 /* AppDelegate.swift */; };
		7D2315D823A1399700701512 /* SceneDelegate.swift in Sources */ = {isa = PBXBuildFile; fileRef = 7D2315D723A1399700701512 /* SceneDelegate.swift */; };
		7D2315DA23A1399700701512 /* ViewController.swift in Sources */ = {isa = PBXBuildFile; fileRef = 7D2315D923A1399700701512 /* ViewController.swift */; };
		7D2315DD23A1399700701512 /* Main.storyboard in Resources */ = {isa = PBXBuildFile; fileRef = 7D2315DB23A1399700701512 /* Main.storyboard */; };
		7D2315DF23A1399A00701512 /* Assets.xcassets in Resources */ = {isa = PBXBuildFile; fileRef = 7D2315DE23A1399A00701512 /* Assets.xcassets */; };
		7D2315E223A1399A00701512 /* LaunchScreen.storyboard in Resources */ = {isa = PBXBuildFile; fileRef = 7D2315E023A1399A00701512 /* LaunchScreen.storyboard */; };
		7D2315FF23A14A5700701512 /* DetailViewController.swift in Sources */ = {isa = PBXBuildFile; fileRef = 7D2315FE23A14A5700701512 /* DetailViewController.swift */; };
		7D23160C23A206C900701512 /* za_buffalos.jpeg in Resources */ = {isa = PBXBuildFile; fileRef = 7D23160123A206C900701512 /* za_buffalos.jpeg */; };
		7D23160D23A206C900701512 /* za_penguins.jpeg in Resources */ = {isa = PBXBuildFile; fileRef = 7D23160223A206C900701512 /* za_penguins.jpeg */; };
		7D23160E23A206C900701512 /* za_giraf.jpeg in Resources */ = {isa = PBXBuildFile; fileRef = 7D23160323A206C900701512 /* za_giraf.jpeg */; };
		7D23160F23A206C900701512 /* za_african_evening.jpeg in Resources */ = {isa = PBXBuildFile; fileRef = 7D23160423A206C900701512 /* za_african_evening.jpeg */; };
		7D23161023A206C900701512 /* za_austridge.jpeg in Resources */ = {isa = PBXBuildFile; fileRef = 7D23160523A206C900701512 /* za_austridge.jpeg */; };
		7D23161123A206C900701512 /* za_african_sun.jpeg in Resources */ = {isa = PBXBuildFile; fileRef = 7D23160623A206C900701512 /* za_african_sun.jpeg */; };
		7D23161223A206C900701512 /* za_lions.jpeg in Resources */ = {isa = PBXBuildFile; fileRef = 7D23160723A206C900701512 /* za_lions.jpeg */; };
		7D23161323A206C900701512 /* za_african_view.jpeg in Resources */ = {isa = PBXBuildFile; fileRef = 7D23160823A206C900701512 /* za_african_view.jpeg */; };
		7D23161423A206C900701512 /* za_elephants.jpeg in Resources */ = {isa = PBXBuildFile; fileRef = 7D23160923A206C900701512 /* za_elephants.jpeg */; };
		7D23161523A206C900701512 /* za_black_rhinos.jpeg in Resources */ = {isa = PBXBuildFile; fileRef = 7D23160A23A206C900701512 /* za_black_rhinos.jpeg */; };
		7D23161623A206C900701512 /* za_spider.jpeg in Resources */ = {isa = PBXBuildFile; fileRef = 7D23160B23A206C900701512 /* za_spider.jpeg */; };
/* End PBXBuildFile section */

/* Begin PBXFileReference section */
		7D2315D223A1399700701512 /* ImageView.app */ = {isa = PBXFileReference; explicitFileType = wrapper.application; includeInIndex = 0; path = ImageView.app; sourceTree = BUILT_PRODUCTS_DIR; };
		7D2315D523A1399700701512 /* AppDelegate.swift */ = {isa = PBXFileReference; lastKnownFileType = sourcecode.swift; path = AppDelegate.swift; sourceTree = "<group>"; };
		7D2315D723A1399700701512 /* SceneDelegate.swift */ = {isa = PBXFileReference; lastKnownFileType = sourcecode.swift; path = SceneDelegate.swift; sourceTree = "<group>"; };
		7D2315D923A1399700701512 /* ViewController.swift */ = {isa = PBXFileReference; lastKnownFileType = sourcecode.swift; path = ViewController.swift; sourceTree = "<group>"; };
		7D2315DC23A1399700701512 /* Base */ = {isa = PBXFileReference; lastKnownFileType = file.storyboard; name = Base; path = Base.lproj/Main.storyboard; sourceTree = "<group>"; };
		7D2315DE23A1399A00701512 /* Assets.xcassets */ = {isa = PBXFileReference; lastKnownFileType = folder.assetcatalog; path = Assets.xcassets; sourceTree = "<group>"; };
		7D2315E123A1399A00701512 /* Base */ = {isa = PBXFileReference; lastKnownFileType = file.storyboard; name = Base; path = Base.lproj/LaunchScreen.storyboard; sourceTree = "<group>"; };
		7D2315E323A1399A00701512 /* Info.plist */ = {isa = PBXFileReference; lastKnownFileType = text.plist.xml; path = Info.plist; sourceTree = "<group>"; };
		7D2315FE23A14A5700701512 /* DetailViewController.swift */ = {isa = PBXFileReference; lastKnownFileType = sourcecode.swift; path = DetailViewController.swift; sourceTree = "<group>"; };
		7D23160123A206C900701512 /* za_buffalos.jpeg */ = {isa = PBXFileReference; lastKnownFileType = image.jpeg; path = za_buffalos.jpeg; sourceTree = "<group>"; };
		7D23160223A206C900701512 /* za_penguins.jpeg */ = {isa = PBXFileReference; lastKnownFileType = image.jpeg; path = za_penguins.jpeg; sourceTree = "<group>"; };
		7D23160323A206C900701512 /* za_giraf.jpeg */ = {isa = PBXFileReference; lastKnownFileType = image.jpeg; path = za_giraf.jpeg; sourceTree = "<group>"; };
		7D23160423A206C900701512 /* za_african_evening.jpeg */ = {isa = PBXFileReference; lastKnownFileType = image.jpeg; path = za_african_evening.jpeg; sourceTree = "<group>"; };
		7D23160523A206C900701512 /* za_austridge.jpeg */ = {isa = PBXFileReference; lastKnownFileType = image.jpeg; path = za_austridge.jpeg; sourceTree = "<group>"; };
		7D23160623A206C900701512 /* za_african_sun.jpeg */ = {isa = PBXFileReference; lastKnownFileType = image.jpeg; path = za_african_sun.jpeg; sourceTree = "<group>"; };
		7D23160723A206C900701512 /* za_lions.jpeg */ = {isa = PBXFileReference; lastKnownFileType = image.jpeg; path = za_lions.jpeg; sourceTree = "<group>"; };
		7D23160823A206C900701512 /* za_african_view.jpeg */ = {isa = PBXFileReference; lastKnownFileType = image.jpeg; path = za_african_view.jpeg; sourceTree = "<group>"; };
		7D23160923A206C900701512 /* za_elephants.jpeg */ = {isa = PBXFileReference; lastKnownFileType = image.jpeg; path = za_elephants.jpeg; sourceTree = "<group>"; };
		7D23160A23A206C900701512 /* za_black_rhinos.jpeg */ = {isa = PBXFileReference; lastKnownFileType = image.jpeg; path = za_black_rhinos.jpeg; sourceTree = "<group>"; };
		7D23160B23A206C900701512 /* za_spider.jpeg */ = {isa = PBXFileReference; lastKnownFileType = image.jpeg; path = za_spider.jpeg; sourceTree = "<group>"; };
/* End PBXFileReference section */

/* Begin PBXFrameworksBuildPhase section */
		7D2315CF23A1399600701512 /* Frameworks */ = {
			isa = PBXFrameworksBuildPhase;
			buildActionMask = 2147483647;
			files = (
			);
			runOnlyForDeploymentPostprocessing = 0;
		};
/* End PBXFrameworksBuildPhase section */

/* Begin PBXGroup section */
		7D2315C923A1399600701512 = {
			isa = PBXGroup;
			children = (
				7D2315D423A1399700701512 /* ImageView */,
				7D2315D323A1399700701512 /* Products */,
			);
			sourceTree = "<group>";
		};
		7D2315D323A1399700701512 /* Products */ = {
			isa = PBXGroup;
			children = (
				7D2315D223A1399700701512 /* ImageView.app */,
			);
			name = Products;
			sourceTree = "<group>";
		};
		7D2315D423A1399700701512 /* ImageView */ = {
			isa = PBXGroup;
			children = (
				7D2315D523A1399700701512 /* AppDelegate.swift */,
				7D2315D723A1399700701512 /* SceneDelegate.swift */,
				7D2315D923A1399700701512 /* ViewController.swift */,
				7D2315FE23A14A5700701512 /* DetailViewController.swift */,
				7D2315DB23A1399700701512 /* Main.storyboard */,
				7D2315DE23A1399A00701512 /* Assets.xcassets */,
				7D2315E023A1399A00701512 /* LaunchScreen.storyboard */,
				7D2315E323A1399A00701512 /* Info.plist */,
				7D23160023A206C900701512 /* Content */,
			);
			path = ImageView;
			sourceTree = "<group>";
		};
		7D23160023A206C900701512 /* Content */ = {
			isa = PBXGroup;
			children = (
				7D23160123A206C900701512 /* za_buffalos.jpeg */,
				7D23160223A206C900701512 /* za_penguins.jpeg */,
				7D23160323A206C900701512 /* za_giraf.jpeg */,
				7D23160423A206C900701512 /* za_african_evening.jpeg */,
				7D23160523A206C900701512 /* za_austridge.jpeg */,
				7D23160623A206C900701512 /* za_african_sun.jpeg */,
				7D23160723A206C900701512 /* za_lions.jpeg */,
				7D23160823A206C900701512 /* za_african_view.jpeg */,
				7D23160923A206C900701512 /* za_elephants.jpeg */,
				7D23160A23A206C900701512 /* za_black_rhinos.jpeg */,
				7D23160B23A206C900701512 /* za_spider.jpeg */,
			);
			path = Content;
			sourceTree = "<group>";
		};
/* End PBXGroup section */

/* Begin PBXNativeTarget section */
		7D2315D123A1399600701512 /* ImageView */ = {
			isa = PBXNativeTarget;
			buildConfigurationList = 7D2315E623A1399A00701512 /* Build configuration list for PBXNativeTarget "ImageView" */;
			buildPhases = (
				7D2315CE23A1399600701512 /* Sources */,
				7D2315CF23A1399600701512 /* Frameworks */,
				7D2315D023A1399600701512 /* Resources */,
			);
			buildRules = (
			);
			dependencies = (
			);
			name = ImageView;
			productName = ImageView;
			productReference = 7D2315D223A1399700701512 /* ImageView.app */;
			productType = "com.apple.product-type.application";
		};
/* End PBXNativeTarget section */

/* Begin PBXProject section */
		7D2315CA23A1399600701512 /* Project object */ = {
			isa = PBXProject;
			attributes = {
				LastSwiftUpdateCheck = 1130;
				LastUpgradeCheck = 1130;
				ORGANIZATIONNAME = "Tommy Troest";
				TargetAttributes = {
					7D2315D123A1399600701512 = {
						CreatedOnToolsVersion = 11.3;
					};
				};
			};
			buildConfigurationList = 7D2315CD23A1399600701512 /* Build configuration list for PBXProject "ImageView" */;
			compatibilityVersion = "Xcode 9.3";
			developmentRegion = en;
			hasScannedForEncodings = 0;
			knownRegions = (
				en,
				Base,
			);
			mainGroup = 7D2315C923A1399600701512;
			productRefGroup = 7D2315D323A1399700701512 /* Products */;
			projectDirPath = "";
			projectRoot = "";
			targets = (
				7D2315D123A1399600701512 /* ImageView */,
			);
		};
/* End PBXProject section */

/* Begin PBXResourcesBuildPhase section */
		7D2315D023A1399600701512 /* Resources */ = {
			isa = PBXResourcesBuildPhase;
			buildActionMask = 2147483647;
			files = (
				7D23161523A206C900701512 /* za_black_rhinos.jpeg in Resources */,
				7D23161223A206C900701512 /* za_lions.jpeg in Resources */,
				7D23160C23A206C900701512 /* za_buffalos.jpeg in Resources */,
				7D2315E223A1399A00701512 /* LaunchScreen.storyboard in Resources */,
				7D23160D23A206C900701512 /* za_penguins.jpeg in Resources */,
				7D2315DF23A1399A00701512 /* Assets.xcassets in Resources */,
				7D23160E23A206C900701512 /* za_giraf.jpeg in Resources */,
				7D23161623A206C900701512 /* za_spider.jpeg in Resources */,
				7D23161123A206C900701512 /* za_african_sun.jpeg in Resources */,
				7D23161423A206C900701512 /* za_elephants.jpeg in Resources */,
				7D2315DD23A1399700701512 /* Main.storyboard in Resources */,
				7D23160F23A206C900701512 /* za_african_evening.jpeg in Resources */,
				7D23161323A206C900701512 /* za_african_view.jpeg in Resources */,
				7D23161023A206C900701512 /* za_austridge.jpeg in Resources */,
			);
			runOnlyForDeploymentPostprocessing = 0;
		};
/* End PBXResourcesBuildPhase section */

/* Begin PBXSourcesBuildPhase section */
		7D2315CE23A1399600701512 /* Sources */ = {
			isa = PBXSourcesBuildPhase;
			buildActionMask = 2147483647;
			files = (
				7D2315DA23A1399700701512 /* ViewController.swift in Sources */,
				7D2315D623A1399700701512 /* AppDelegate.swift in Sources */,
				7D2315D823A1399700701512 /* SceneDelegate.swift in Sources */,
				7D2315FF23A14A5700701512 /* DetailViewController.swift in Sources */,
			);
			runOnlyForDeploymentPostprocessing = 0;
		};
/* End PBXSourcesBuildPhase section */

/* Begin PBXVariantGroup section */
		7D2315DB23A1399700701512 /* Main.storyboard */ = {
			isa = PBXVariantGroup;
			children = (
				7D2315DC23A1399700701512 /* Base */,
			);
			name = Main.storyboard;
			sourceTree = "<group>";
		};
		7D2315E023A1399A00701512 /* LaunchScreen.storyboard */ = {
			isa = PBXVariantGroup;
			children = (
				7D2315E123A1399A00701512 /* Base */,
			);
			name = LaunchScreen.storyboard;
			sourceTree = "<group>";
		};
/* End PBXVariantGroup section */

/* Begin XCBuildConfiguration section */
		7D2315E423A1399A00701512 /* Debug */ = {
			isa = XCBuildConfiguration;
			buildSettings = {
				ALWAYS_SEARCH_USER_PATHS = NO;
				CLANG_ANALYZER_NONNULL = YES;
				CLANG_ANALYZER_NUMBER_OBJECT_CONVERSION = YES_AGGRESSIVE;
				CLANG_CXX_LANGUAGE_STANDARD = "gnu++14";
				CLANG_CXX_LIBRARY = "libc++";
				CLANG_ENABLE_MODULES = YES;
				CLANG_ENABLE_OBJC_ARC = YES;
				CLANG_ENABLE_OBJC_WEAK = YES;
				CLANG_WARN_BLOCK_CAPTURE_AUTORELEASING = YES;
				CLANG_WARN_BOOL_CONVERSION = YES;
				CLANG_WARN_COMMA = YES;
				CLANG_WARN_CONSTANT_CONVERSION = YES;
				CLANG_WARN_DEPRECATED_OBJC_IMPLEMENTATIONS = YES;
				CLANG_WARN_DIRECT_OBJC_ISA_USAGE = YES_ERROR;
				CLANG_WARN_DOCUMENTATION_COMMENTS = YES;
				CLANG_WARN_EMPTY_BODY = YES;
				CLANG_WARN_ENUM_CONVERSION = YES;
				CLANG_WARN_INFINITE_RECURSION = YES;
				CLANG_WARN_INT_CONVERSION = YES;
				CLANG_WARN_NON_LITERAL_NULL_CONVERSION = YES;
				CLANG_WARN_OBJC_IMPLICIT_RETAIN_SELF = YES;
				CLANG_WARN_OBJC_LITERAL_CONVERSION = YES;
				CLANG_WARN_OBJC_ROOT_CLASS = YES_ERROR;
				CLANG_WARN_RANGE_LOOP_ANALYSIS = YES;
				CLANG_WARN_STRICT_PROTOTYPES = YES;
				CLANG_WARN_SUSPICIOUS_MOVE = YES;
				CLANG_WARN_UNGUARDED_AVAILABILITY = YES_AGGRESSIVE;
				CLANG_WARN_UNREACHABLE_CODE = YES;
				CLANG_WARN__DUPLICATE_METHOD_MATCH = YES;
				COPY_PHASE_STRIP = NO;
				DEBUG_INFORMATION_FORMAT = dwarf;
				ENABLE_STRICT_OBJC_MSGSEND = YES;
				ENABLE_TESTABILITY = YES;
				GCC_C_LANGUAGE_STANDARD = gnu11;
				GCC_DYNAMIC_NO_PIC = NO;
				GCC_NO_COMMON_BLOCKS = YES;
				GCC_OPTIMIZATION_LEVEL = 0;
				GCC_PREPROCESSOR_DEFINITIONS = (
					"DEBUG=1",
					"$(inherited)",
				);
				GCC_WARN_64_TO_32_BIT_CONVERSION = YES;
				GCC_WARN_ABOUT_RETURN_TYPE = YES_ERROR;
				GCC_WARN_UNDECLARED_SELECTOR = YES;
				GCC_WARN_UNINITIALIZED_AUTOS = YES_AGGRESSIVE;
				GCC_WARN_UNUSED_FUNCTION = YES;
				GCC_WARN_UNUSED_VARIABLE = YES;
				IPHONEOS_DEPLOYMENT_TARGET = 13.2;
				MTL_ENABLE_DEBUG_INFO = INCLUDE_SOURCE;
				MTL_FAST_MATH = YES;
				ONLY_ACTIVE_ARCH = YES;
				SDKROOT = iphoneos;
				SWIFT_ACTIVE_COMPILATION_CONDITIONS = DEBUG;
				SWIFT_OPTIMIZATION_LEVEL = "-Onone";
			};
			name = Debug;
		};
		7D2315E523A1399A00701512 /* Release */ = {
			isa = XCBuildConfiguration;
			buildSettings = {
				ALWAYS_SEARCH_USER_PATHS = NO;
				CLANG_ANALYZER_NONNULL = YES;
				CLANG_ANALYZER_NUMBER_OBJECT_CONVERSION = YES_AGGRESSIVE;
				CLANG_CXX_LANGUAGE_STANDARD = "gnu++14";
				CLANG_CXX_LIBRARY = "libc++";
				CLANG_ENABLE_MODULES = YES;
				CLANG_ENABLE_OBJC_ARC = YES;
				CLANG_ENABLE_OBJC_WEAK = YES;
				CLANG_WARN_BLOCK_CAPTURE_AUTORELEASING = YES;
				CLANG_WARN_BOOL_CONVERSION = YES;
				CLANG_WARN_COMMA = YES;
				CLANG_WARN_CONSTANT_CONVERSION = YES;
				CLANG_WARN_DEPRECATED_OBJC_IMPLEMENTATIONS = YES;
				CLANG_WARN_DIRECT_OBJC_ISA_USAGE = YES_ERROR;
				CLANG_WARN_DOCUMENTATION_COMMENTS = YES;
				CLANG_WARN_EMPTY_BODY = YES;
				CLANG_WARN_ENUM_CONVERSION = YES;
				CLANG_WARN_INFINITE_RECURSION = YES;
				CLANG_WARN_INT_CONVERSION = YES;
				CLANG_WARN_NON_LITERAL_NULL_CONVERSION = YES;
				CLANG_WARN_OBJC_IMPLICIT_RETAIN_SELF = YES;
				CLANG_WARN_OBJC_LITERAL_CONVERSION = YES;
				CLANG_WARN_OBJC_ROOT_CLASS = YES_ERROR;
				CLANG_WARN_RANGE_LOOP_ANALYSIS = YES;
				CLANG_WARN_STRICT_PROTOTYPES = YES;
				CLANG_WARN_SUSPICIOUS_MOVE = YES;
				CLANG_WARN_UNGUARDED_AVAILABILITY = YES_AGGRESSIVE;
				CLANG_WARN_UNREACHABLE_CODE = YES;
				CLANG_WARN__DUPLICATE_METHOD_MATCH = YES;
				COPY_PHASE_STRIP = NO;
				DEBUG_INFORMATION_FORMAT = "dwarf-with-dsym";
				ENABLE_NS_ASSERTIONS = NO;
				ENABLE_STRICT_OBJC_MSGSEND = YES;
				GCC_C_LANGUAGE_STANDARD = gnu11;
				GCC_NO_COMMON_BLOCKS = YES;
				GCC_WARN_64_TO_32_BIT_CONVERSION = YES;
				GCC_WARN_ABOUT_RETURN_TYPE = YES_ERROR;
				GCC_WARN_UNDECLARED_SELECTOR = YES;
				GCC_WARN_UNINITIALIZED_AUTOS = YES_AGGRESSIVE;
				GCC_WARN_UNUSED_FUNCTION = YES;
				GCC_WARN_UNUSED_VARIABLE = YES;
				IPHONEOS_DEPLOYMENT_TARGET = 13.2;
				MTL_ENABLE_DEBUG_INFO = NO;
				MTL_FAST_MATH = YES;
				SDKROOT = iphoneos;
				SWIFT_COMPILATION_MODE = wholemodule;
				SWIFT_OPTIMIZATION_LEVEL = "-O";
				VALIDATE_PRODUCT = YES;
			};
			name = Release;
		};
		7D2315E723A1399A00701512 /* Debug */ = {
			isa = XCBuildConfiguration;
			buildSettings = {
				ASSETCATALOG_COMPILER_APPICON_NAME = AppIcon;
				CODE_SIGN_STYLE = Automatic;
				DEVELOPMENT_TEAM = 4CGL2WM4H3;
				INFOPLIST_FILE = ImageView/Info.plist;
				LD_RUNPATH_SEARCH_PATHS = (
					"$(inherited)",
					"@executable_path/Frameworks",
				);
				PRODUCT_BUNDLE_IDENTIFIER = com.Tseort.ImageView;
				PRODUCT_NAME = "$(TARGET_NAME)";
				SWIFT_VERSION = 5.0;
				TARGETED_DEVICE_FAMILY = "1,2";
			};
			name = Debug;
		};
		7D2315E823A1399A00701512 /* Release */ = {
			isa = XCBuildConfiguration;
			buildSettings = {
				ASSETCATALOG_COMPILER_APPICON_NAME = AppIcon;
				CODE_SIGN_STYLE = Automatic;
				DEVELOPMENT_TEAM = 4CGL2WM4H3;
				INFOPLIST_FILE = ImageView/Info.plist;
				LD_RUNPATH_SEARCH_PATHS = (
					"$(inherited)",
					"@executable_path/Frameworks",
				);
				PRODUCT_BUNDLE_IDENTIFIER = com.Tseort.ImageView;
				PRODUCT_NAME = "$(TARGET_NAME)";
				SWIFT_VERSION = 5.0;
				TARGETED_DEVICE_FAMILY = "1,2";
			};
			name = Release;
		};
/* End XCBuildConfiguration section */

/* Begin XCConfigurationList section */
		7D2315CD23A1399600701512 /* Build configuration list for PBXProject "ImageView" */ = {
			isa = XCConfigurationList;
			buildConfigurations = (
				7D2315E423A1399A00701512 /* Debug */,
				7D2315E523A1399A00701512 /* Release */,
			);
			defaultConfigurationIsVisible = 0;
			defaultConfigurationName = Release;
		};
		7D2315E623A1399A00701512 /* Build configuration list for PBXNativeTarget "ImageView" */ = {
			isa = XCConfigurationList;
			buildConfigurations = (
				7D2315E723A1399A00701512 /* Debug */,
				7D2315E823A1399A00701512 /* Release */,
			);
			defaultConfigurationIsVisible = 0;
			defaultConfigurationName = Release;
		};
/* End XCConfigurationList section */
	};
	rootObject = 7D2315CA23A1399600701512 /* Project object */;
}
